title: 0_Unused_ResourceCapacityBlock
x-stoplight:
  id: w7inmj7hcfajj
type: object
properties:
  blockId:
    type: integer
    x-stoplight:
      id: mq4ovga9tic3k
    example: 5516
    description: The unique identifier for each capacity block
  resourceId:
    type: integer
    x-stoplight:
      id: 1edg2tprqtq2h
    description: The ID of the resource being blocked
    example: 30539
  blockoutCapacity:
    type: integer
    x-stoplight:
      id: 4uxlnxmubsxwm
    description: The total capacity to block out.
    example: 26
  date:
    type: string
    x-stoplight:
      id: 0b3tkc5msnfsc
    format: date
    description: The date of the capacity block (In ISO8601 date format only)
    example: '2025-01-21'
  startTime:
    type: string
    x-stoplight:
      id: vx0ulqmdmba3r
    description: "Start time in 24h format \r\n\r\n* eg: 00:00 = 12:00 AM (Midnight)\r\n* eg: 23:59 = 11:59 PM\r\n\r\nRequired if `blockEntireDay` is `false`"
    example: '14:30'
  endTime:
    type: string
    x-stoplight:
      id: qjgjcrrguv64t
    description: "End time in 24h format \r\n\r\n* eg: 00:00 = 12:00 AM (Midnight)\r\n* eg: 23:59 = 11:59 PM\r\n\r\nRequired if `blockEntireDay` is `false`"
    example: '16:00'
  blockEntireDay:
    type: boolean
    x-stoplight:
      id: 9szidr7im1uaq
    description: Boolean indicating if the block applies to the entire day.
    default: false
  notes:
    type: string
    x-stoplight:
      id: r7xe336sq1n1x
    description: Additional notes or reason for the block.
    maxLength: 200
    example: Migrated booking from previous system
x-internal: true
description: Details of a resource capacity block
