title: ResourceCapacityBlock
type: object
x-internal: false
description: Details of a resource capacity block
properties:
  blockId:
    type: integer
    description: The unique identifier for each capacity block
  resourceId:
    type: integer
    description: The ID of the resource being blocked
    example: 30539
  date:
    type: string
    format: date
    description: The date of the capacity block (In ISO8601 date format only)
    example: '2025-01-21'
  startTime:
    type: string
    description: "Start time in 24h format \r\n\r\n* eg: 00:00 = 12:00 AM (Midnight)\r\n* eg: 23:59 = 11:59 PM\r\n\r\nRequired if `blockEntireDay` is `false`"
    example: '14:30'
  endTime:
    type: string
    description: "End time in 24h format \r\n\r\n* eg: 00:00 = 12:00 AM (Midnight)\r\n* eg: 23:59 = 11:59 PM\r\n\r\nRequired if `blockEntireDay` is `false`"
    example: '16:00'
  blockEntireDay:
    type: boolean
    description: Boolean indicating if the block applies to the entire day.
    default: false
  notes:
    type: string
    description: Additional notes or reason for the block.
    maxLength: 200
    example: Migrated booking from previous system
